
Microsoft Visual Studio Solution File, Format Version 12.00
# Visual Studio Version 17
VisualStudioVersion = 17.7.34031.279
MinimumVisualStudioVersion = 10.0.40219.1
Project("{FAE04EC0-301F-11D3-BF4B-00C04F79EFBC}") = "E-Commmerce", "E-Commmerce\E-Commmerce.csproj", "{754589EF-340F-4712-A86B-0B24AF5A0B62}"
EndProject
Global
	GlobalSection(SolutionConfigurationPlatforms) = preSolution
		Debug|Any CPU = Debug|Any CPU
		Release|Any CPU = Release|Any CPU
	EndGlobalSection
	GlobalSection(ProjectConfigurationPlatforms) = postSolution
		{754589EF-340F-4712-A86B-0B24AF5A0B62}.Debug|Any CPU.ActiveCfg = Debug|Any CPU
		{754589EF-340F-4712-A86B-0B24AF5A0B62}.Debug|Any CPU.Build.0 = Debug|Any CPU
		{754589EF-340F-4712-A86B-0B24AF5A0B62}.Release|Any CPU.ActiveCfg = Release|Any CPU
		{754589EF-340F-4712-A86B-0B24AF5A0B62}.Release|Any CPU.Build.0 = Release|Any CPU
	EndGlobalSection
	GlobalSection(SolutionProperties) = preSolution
		HideSolutionNode = FALSE
	EndGlobalSection
	GlobalSection(ExtensibilityGlobals) = postSolution
		SolutionGuid = {44F81B89-A268-450B-9423-E08E9B6C353C}
	EndGlobalSection
EndGlobal
